// !$*UTF8*$!
{
	archiveVersion = 1;
	classes = {
	};
	objectVersion = 46;
	objects = {

/* Begin PBXBuildFile section */
		A8AD68D41F18737F0014D52B /* AppDelegate.swift in Sources */ = {isa = PBXBuildFile; fileRef = A8AD68D31F18737F0014D52B /* AppDelegate.swift */; };
		A8AD68D61F18737F0014D52B /* ViewController.swift in Sources */ = {isa = PBXBuildFile; fileRef = A8AD68D51F18737F0014D52B /* ViewController.swift */; };
		A8AD68D91F18737F0014D52B /* Main.storyboard in Resources */ = {isa = PBXBuildFile; fileRef = A8AD68D71F18737F0014D52B /* Main.storyboard */; };
		A8AD68DB1F18737F0014D52B /* Assets.xcassets in Resources */ = {isa = PBXBuildFile; fileRef = A8AD68DA1F18737F0014D52B /* Assets.xcassets */; };
		A8AD68DE1F18737F0014D52B /* LaunchScreen.storyboard in Resources */ = {isa = PBXBuildFile; fileRef = A8AD68DC1F18737F0014D52B /* LaunchScreen.storyboard */; };
/* End PBXBuildFile section */

/* Begin PBXFileReference section */
		A8AD68D01F18737F0014D52B /* LoginGuide.app */ = {isa = PBXFileReference; explicitFileType = wrapper.application; includeInIndex = 0; path = LoginGuide.app; sourceTree = BUILT_PRODUCTS_DIR; };
		A8AD68D31F18737F0014D52B /* AppDelegate.swift */ = {isa = PBXFileReference; lastKnownFileType = sourcecode.swift; path = AppDelegate.swift; sourceTree = "<group>"; };
		A8AD68D51F18737F0014D52B /* ViewController.swift */ = {isa = PBXFileReference; lastKnownFileType = sourcecode.swift; path = ViewController.swift; sourceTree = "<group>"; };
		A8AD68D81F18737F0014D52B /* Base */ = {isa = PBXFileReference; lastKnownFileType = file.storyboard; name = Base; path = Base.lproj/Main.storyboard; sourceTree = "<group>"; };
		A8AD68DA1F18737F0014D52B /* Assets.xcassets */ = {isa = PBXFileReference; lastKnownFileType = folder.assetcatalog; path = Assets.xcassets; sourceTree = "<group>"; };
		A8AD68DD1F18737F0014D52B /* Base */ = {isa = PBXFileReference; lastKnownFileType = file.storyboard; name = Base; path = Base.lproj/LaunchScreen.storyboard; sourceTree = "<group>"; };
		A8AD68DF1F18737F0014D52B /* Info.plist */ = {isa = PBXFileReference; lastKnownFileType = text.plist.xml; path = Info.plist; sourceTree = "<group>"; };
/* End PBXFileReference section */

/* Begin PBXFrameworksBuildPhase section */
		A8AD68CD1F18737F0014D52B /* Frameworks */ = {
			isa = PBXFrameworksBuildPhase;
			buildActionMask = 2147483647;
			files = (
			);
			runOnlyForDeploymentPostprocessing = 0;
		};
/* End PBXFrameworksBuildPhase section */

/* Begin PBXGroup section */
		A8AD68C71F18737F0014D52B = {
			isa = PBXGroup;
			children = (
				A8AD68D21F18737F0014D52B /* LoginGuide */,
				A8AD68D11F18737F0014D52B /* Products */,
			);
			sourceTree = "<group>";
		};
		A8AD68D11F18737F0014D52B /* Products */ = {
			isa = PBXGroup;
			children = (
				A8AD68D01F18737F0014D52B /* LoginGuide.app */,
			);
			name = Products;
			sourceTree = "<group>";
		};
		A8AD68D21F18737F0014D52B /* LoginGuide */ = {
			isa = PBXGroup;
			children = (
				A8AD68D31F18737F0014D52B /* AppDelegate.swift */,
				A8AD68D51F18737F0014D52B /* ViewController.swift */,
				A8AD68D71F18737F0014D52B /* Main.storyboard */,
				A8AD68DA1F18737F0014D52B /* Assets.xcassets */,
				A8AD68DC1F18737F0014D52B /* LaunchScreen.storyboard */,
				A8AD68DF1F18737F0014D52B /* Info.plist */,
			);
			path = LoginGuide;
			sourceTree = "<group>";
		};
/* End PBXGroup section */

/* Begin PBXNativeTarget section */
		A8AD68CF1F18737F0014D52B /* LoginGuide */ = {
			isa = PBXNativeTarget;
			buildConfigurationList = A8AD68E21F18737F0014D52B /* Build configuration list for PBXNativeTarget "LoginGuide" */;
			buildPhases = (
				A8AD68CC1F18737F0014D52B /* Sources */,
				A8AD68CD1F18737F0014D52B /* Frameworks */,
				A8AD68CE1F18737F0014D52B /* Resources */,
			);
			buildRules = (
			);
			dependencies = (
			);
			name = LoginGuide;
			productName = LoginGuide;
			productReference = A8AD68D01F18737F0014D52B /* LoginGuide.app */;
			productType = "com.apple.product-type.application";
		};
/* End PBXNativeTarget section */

/* Begin PBXProject section */
		A8AD68C81F18737F0014D52B /* Project object */ = {
			isa = PBXProject;
			attributes = {
				LastSwiftUpdateCheck = 0830;
				LastUpgradeCheck = 0830;
				ORGANIZATIONNAME = "陳 冠禎";
				TargetAttributes = {
					A8AD68CF1F18737F0014D52B = {
						CreatedOnToolsVersion = 8.3.3;
						DevelopmentTeam = Y8SJ5M44N4;
						ProvisioningStyle = Automatic;
					};
				};
			};
			buildConfigurationList = A8AD68CB1F18737F0014D52B /* Build configuration list for PBXProject "LoginGuide" */;
			compatibilityVersion = "Xcode 3.2";
			developmentRegion = English;
			hasScannedForEncodings = 0;
			knownRegions = (
				en,
				Base,
			);
			mainGroup = A8AD68C71F18737F0014D52B;
			productRefGroup = A8AD68D11F18737F0014D52B /* Products */;
			projectDirPath = "";
			projectRoot = "";
			targets = (
				A8AD68CF1F18737F0014D52B /* LoginGuide */,
			);
		};
/* End PBXProject section */

/* Begin PBXResourcesBuildPhase section */
		A8AD68CE1F18737F0014D52B /* Resources */ = {
			isa = PBXResourcesBuildPhase;
			buildActionMask = 2147483647;
			files = (
				A8AD68DE1F18737F0014D52B /* LaunchScreen.storyboard in Resources */,
				A8AD68DB1F18737F0014D52B /* Assets.xcassets in Resources */,
				A8AD68D91F18737F0014D52B /* Main.storyboard in Resources */,
			);
			runOnlyForDeploymentPostprocessing = 0;
		};
/* End PBXResourcesBuildPhase section */

/* Begin PBXSourcesBuildPhase section */
		A8AD68CC1F18737F0014D52B /* Sources */ = {
			isa = PBXSourcesBuildPhase;
			buildActionMask = 2147483647;
			files = (
				A8AD68D61F18737F0014D52B /* ViewController.swift in Sources */,
				A8AD68D41F18737F0014D52B /* AppDelegate.swift in Sources */,
			);
			runOnlyForDeploymentPostprocessing = 0;
		};
/* End PBXSourcesBuildPhase section */

/* Begin PBXVariantGroup section */
		A8AD68D71F18737F0014D52B /* Main.storyboard */ = {
			isa = PBXVariantGroup;
			children = (
				A8AD68D81F18737F0014D52B /* Base */,
			);
			name = Main.storyboard;
			sourceTree = "<group>";
		};
		A8AD68DC1F18737F0014D52B /* LaunchScreen.storyboard */ = {
			isa = PBXVariantGroup;
			children = (
				A8AD68DD1F18737F0014D52B /* Base */,
			);
			name = LaunchScreen.storyboard;
			sourceTree = "<group>";
		};
/* End PBXVariantGroup section */

/* Begin XCBuildConfiguration section */
		A8AD68E01F18737F0014D52B /* Debug */ = {
			isa = XCBuildConfiguration;
			buildSettings = {
				ALWAYS_SEARCH_USER_PATHS = NO;
				CLANG_ANALYZER_NONNULL = YES;
				CLANG_ANALYZER_NUMBER_OBJECT_CONVERSION = YES_AGGRESSIVE;
				CLANG_CXX_LANGUAGE_STANDARD = "gnu++0x";
				CLANG_CXX_LIBRARY = "libc++";
				CLANG_ENABLE_MODULES = YES;
				CLANG_ENABLE_OBJC_ARC = YES;
				CLANG_WARN_BOOL_CONVERSION = YES;
				CLANG_WARN_CONSTANT_CONVERSION = YES;
				CLANG_WARN_DIRECT_OBJC_ISA_USAGE = YES_ERROR;
				CLANG_WARN_DOCUMENTATION_COMMENTS = YES;
				CLANG_WARN_EMPTY_BODY = YES;
				CLANG_WARN_ENUM_CONVERSION = YES;
				CLANG_WARN_INFINITE_RECURSION = YES;
				CLANG_WARN_INT_CONVERSION = YES;
				CLANG_WARN_OBJC_ROOT_CLASS = YES_ERROR;
				CLANG_WARN_SUSPICIOUS_MOVE = YES;
				CLANG_WARN_UNREACHABLE_CODE = YES;
				CLANG_WARN__DUPLICATE_METHOD_MATCH = YES;
				"CODE_SIGN_IDENTITY[sdk=iphoneos*]" = "iPhone Developer";
				COPY_PHASE_STRIP = NO;
				DEBUG_INFORMATION_FORMAT = dwarf;
				ENABLE_STRICT_OBJC_MSGSEND = YES;
				ENABLE_TESTABILITY = YES;
				GCC_C_LANGUAGE_STANDARD = gnu99;
				GCC_DYNAMIC_NO_PIC = NO;
				GCC_NO_COMMON_BLOCKS = YES;
				GCC_OPTIMIZATION_LEVEL = 0;
				GCC_PREPROCESSOR_DEFINITIONS = (
					"DEBUG=1",
					"$(inherited)",
				);
				GCC_WARN_64_TO_32_BIT_CONVERSION = YES;
				GCC_WARN_ABOUT_RETURN_TYPE = YES_ERROR;
				GCC_WARN_UNDECLARED_SELECTOR = YES;
				GCC_WARN_UNINITIALIZED_AUTOS = YES_AGGRESSIVE;
				GCC_WARN_UNUSED_FUNCTION = YES;
				GCC_WARN_UNUSED_VARIABLE = YES;
				IPHONEOS_DEPLOYMENT_TARGET = 10.3;
				MTL_ENABLE_DEBUG_INFO = YES;
				ONLY_ACTIVE_ARCH = YES;
				SDKROOT = iphoneos;
				SWIFT_ACTIVE_COMPILATION_CONDITIONS = DEBUG;
				SWIFT_OPTIMIZATION_LEVEL = "-Onone";
			};
			name = Debug;
		};
		A8AD68E11F18737F0014D52B /* Release */ = {
			isa = XCBuildConfiguration;
			buildSettings = {
				ALWAYS_SEARCH_USER_PATHS = NO;
				CLANG_ANALYZER_NONNULL = YES;
				CLANG_ANALYZER_NUMBER_OBJECT_CONVERSION = YES_AGGRESSIVE;
				CLANG_CXX_LANGUAGE_STANDARD = "gnu++0x";
				CLANG_CXX_LIBRARY = "libc++";
				CLANG_ENABLE_MODULES = YES;
				CLANG_ENABLE_OBJC_ARC = YES;
				CLANG_WARN_BOOL_CONVERSION = YES;
				CLANG_WARN_CONSTANT_CONVERSION = YES;
				CLANG_WARN_DIRECT_OBJC_ISA_USAGE = YES_ERROR;
				CLANG_WARN_DOCUMENTATION_COMMENTS = YES;
				CLANG_WARN_EMPTY_BODY = YES;
				CLANG_WARN_ENUM_CONVERSION = YES;
				CLANG_WARN_INFINITE_RECURSION = YES;
				CLANG_WARN_INT_CONVERSION = YES;
				CLANG_WARN_OBJC_ROOT_CLASS = YES_ERROR;
				CLANG_WARN_SUSPICIOUS_MOVE = YES;
				CLANG_WARN_UNREACHABLE_CODE = YES;
				CLANG_WARN__DUPLICATE_METHOD_MATCH = YES;
				"CODE_SIGN_IDENTITY[sdk=iphoneos*]" = "iPhone Developer";
				COPY_PHASE_STRIP = NO;
				DEBUG_INFORMATION_FORMAT = "dwarf-with-dsym";
				ENABLE_NS_ASSERTIONS = NO;
				ENABLE_STRICT_OBJC_MSGSEND = YES;
				GCC_C_LANGUAGE_STANDARD = gnu99;
				GCC_NO_COMMON_BLOCKS = YES;
				GCC_WARN_64_TO_32_BIT_CONVERSION = YES;
				GCC_WARN_ABOUT_RETURN_TYPE = YES_ERROR;
				GCC_WARN_UNDECLARED_SELECTOR = YES;
				GCC_WARN_UNINITIALIZED_AUTOS = YES_AGGRESSIVE;
				GCC_WARN_UNUSED_FUNCTION = YES;
				GCC_WARN_UNUSED_VARIABLE = YES;
				IPHONEOS_DEPLOYMENT_TARGET = 10.3;
				MTL_ENABLE_DEBUG_INFO = NO;
				SDKROOT = iphoneos;
				SWIFT_OPTIMIZATION_LEVEL = "-Owholemodule";
				VALIDATE_PRODUCT = YES;
			};
			name = Release;
		};
		A8AD68E31F18737F0014D52B /* Debug */ = {
			isa = XCBuildConfiguration;
			buildSettings = {
				ASSETCATALOG_COMPILER_APPICON_NAME = AppIcon;
				DEVELOPMENT_TEAM = Y8SJ5M44N4;
				INFOPLIST_FILE = LoginGuide/Info.plist;
				LD_RUNPATH_SEARCH_PATHS = "$(inherited) @executable_path/Frameworks";
				PRODUCT_BUNDLE_IDENTIFIER = com.MapVision.LoginGuide;
				PRODUCT_NAME = "$(TARGET_NAME)";
				SWIFT_VERSION = 3.0;
			};
			name = Debug;
		};
		A8AD68E41F18737F0014D52B /* Release */ = {
			isa = XCBuildConfiguration;
			buildSettings = {
				ASSETCATALOG_COMPILER_APPICON_NAME = AppIcon;
				DEVELOPMENT_TEAM = Y8SJ5M44N4;
				INFOPLIST_FILE = LoginGuide/Info.plist;
				LD_RUNPATH_SEARCH_PATHS = "$(inherited) @executable_path/Frameworks";
				PRODUCT_BUNDLE_IDENTIFIER = com.MapVision.LoginGuide;
				PRODUCT_NAME = "$(TARGET_NAME)";
				SWIFT_VERSION = 3.0;
			};
			name = Release;
		};
/* End XCBuildConfiguration section */

/* Begin XCConfigurationList section */
		A8AD68CB1F18737F0014D52B /* Build configuration list for PBXProject "LoginGuide" */ = {
			isa = XCConfigurationList;
			buildConfigurations = (
				A8AD68E01F18737F0014D52B /* Debug */,
				A8AD68E11F18737F0014D52B /* Release */,
			);
			defaultConfigurationIsVisible = 0;
			defaultConfigurationName = Release;
		};
		A8AD68E21F18737F0014D52B /* Build configuration list for PBXNativeTarget "LoginGuide" */ = {
			isa = XCConfigurationList;
			buildConfigurations = (
				A8AD68E31F18737F0014D52B /* Debug */,
				A8AD68E41F18737F0014D52B /* Release */,
			);
			defaultConfigurationIsVisible = 0;
		};
/* End XCConfigurationList section */
	};
	rootObject = A8AD68C81F18737F0014D52B /* Project object */;
}
